
Microsoft Visual Studio Solution File, Format Version 12.00
# Visual Studio Version 16
VisualStudioVersion = 16.0.30114.105
MinimumVisualStudioVersion = 10.0.40219.1
Project("{2150E333-8FDC-42A3-9474-1A3956D46DE8}") = "src", "src", "{FAF06306-81A8-424A-9500-FC431EC19ED3}"
EndProject
Project("{9A19103F-16F7-4668-BE54-9A1E7A4F7556}") = "Tdd_NerdStore.Domain", "src\Tdd_NerdStore\Tdd_NerdStore.Domain.csproj", "{6DECCE7F-8798-4CC3-BCD6-767A73F23668}"
EndProject
Project("{2150E333-8FDC-42A3-9474-1A3956D46DE8}") = "tests", "tests", "{A818E2D8-9602-49FC-B4E3-EBDBB2F4350D}"
EndProject
Project("{9A19103F-16F7-4668-BE54-9A1E7A4F7556}") = "Tdd_NerdStore.Application.Tests", "tests\Tdd_NerdStore.Application.Tests\Tdd_NerdStore.Application.Tests.csproj", "{1E810D2E-17F4-4469-BB20-684737A89B8A}"
EndProject
Project("{9A19103F-16F7-4668-BE54-9A1E7A4F7556}") = "Tdd_NerdStore.Domain.Tests", "tests\Tdd_NerdStore.Domain.Tests\Tdd_NerdStore.Domain.Tests.csproj", "{0AECFED8-25EE-4213-87E6-33EE04ED25E3}"
EndProject
Project("{FAE04EC0-301F-11D3-BF4B-00C04F79EFBC}") = "Tdd_NerdStore.Core", "src\Tdd_NerdStore.Core\Tdd_NerdStore.Core.csproj", "{FE1253CE-606F-4877-8E00-B6C0162E362F}"
EndProject
Global
	GlobalSection(SolutionConfigurationPlatforms) = preSolution
		Debug|Any CPU = Debug|Any CPU
		Debug|x64 = Debug|x64
		Debug|x86 = Debug|x86
		Release|Any CPU = Release|Any CPU
		Release|x64 = Release|x64
		Release|x86 = Release|x86
	EndGlobalSection
	GlobalSection(ProjectConfigurationPlatforms) = postSolution
		{6DECCE7F-8798-4CC3-BCD6-767A73F23668}.Debug|Any CPU.ActiveCfg = Debug|Any CPU
		{6DECCE7F-8798-4CC3-BCD6-767A73F23668}.Debug|Any CPU.Build.0 = Debug|Any CPU
		{6DECCE7F-8798-4CC3-BCD6-767A73F23668}.Debug|x64.ActiveCfg = Debug|Any CPU
		{6DECCE7F-8798-4CC3-BCD6-767A73F23668}.Debug|x64.Build.0 = Debug|Any CPU
		{6DECCE7F-8798-4CC3-BCD6-767A73F23668}.Debug|x86.ActiveCfg = Debug|Any CPU
		{6DECCE7F-8798-4CC3-BCD6-767A73F23668}.Debug|x86.Build.0 = Debug|Any CPU
		{6DECCE7F-8798-4CC3-BCD6-767A73F23668}.Release|Any CPU.ActiveCfg = Release|Any CPU
		{6DECCE7F-8798-4CC3-BCD6-767A73F23668}.Release|Any CPU.Build.0 = Release|Any CPU
		{6DECCE7F-8798-4CC3-BCD6-767A73F23668}.Release|x64.ActiveCfg = Release|Any CPU
		{6DECCE7F-8798-4CC3-BCD6-767A73F23668}.Release|x64.Build.0 = Release|Any CPU
		{6DECCE7F-8798-4CC3-BCD6-767A73F23668}.Release|x86.ActiveCfg = Release|Any CPU
		{6DECCE7F-8798-4CC3-BCD6-767A73F23668}.Release|x86.Build.0 = Release|Any CPU
		{1E810D2E-17F4-4469-BB20-684737A89B8A}.Debug|Any CPU.ActiveCfg = Debug|Any CPU
		{1E810D2E-17F4-4469-BB20-684737A89B8A}.Debug|Any CPU.Build.0 = Debug|Any CPU
		{1E810D2E-17F4-4469-BB20-684737A89B8A}.Debug|x64.ActiveCfg = Debug|Any CPU
		{1E810D2E-17F4-4469-BB20-684737A89B8A}.Debug|x64.Build.0 = Debug|Any CPU
		{1E810D2E-17F4-4469-BB20-684737A89B8A}.Debug|x86.ActiveCfg = Debug|Any CPU
		{1E810D2E-17F4-4469-BB20-684737A89B8A}.Debug|x86.Build.0 = Debug|Any CPU
		{1E810D2E-17F4-4469-BB20-684737A89B8A}.Release|Any CPU.ActiveCfg = Release|Any CPU
		{1E810D2E-17F4-4469-BB20-684737A89B8A}.Release|Any CPU.Build.0 = Release|Any CPU
		{1E810D2E-17F4-4469-BB20-684737A89B8A}.Release|x64.ActiveCfg = Release|Any CPU
		{1E810D2E-17F4-4469-BB20-684737A89B8A}.Release|x64.Build.0 = Release|Any CPU
		{1E810D2E-17F4-4469-BB20-684737A89B8A}.Release|x86.ActiveCfg = Release|Any CPU
		{1E810D2E-17F4-4469-BB20-684737A89B8A}.Release|x86.Build.0 = Release|Any CPU
		{0AECFED8-25EE-4213-87E6-33EE04ED25E3}.Debug|Any CPU.ActiveCfg = Debug|Any CPU
		{0AECFED8-25EE-4213-87E6-33EE04ED25E3}.Debug|Any CPU.Build.0 = Debug|Any CPU
		{0AECFED8-25EE-4213-87E6-33EE04ED25E3}.Debug|x64.ActiveCfg = Debug|Any CPU
		{0AECFED8-25EE-4213-87E6-33EE04ED25E3}.Debug|x64.Build.0 = Debug|Any CPU
		{0AECFED8-25EE-4213-87E6-33EE04ED25E3}.Debug|x86.ActiveCfg = Debug|Any CPU
		{0AECFED8-25EE-4213-87E6-33EE04ED25E3}.Debug|x86.Build.0 = Debug|Any CPU
		{0AECFED8-25EE-4213-87E6-33EE04ED25E3}.Release|Any CPU.ActiveCfg = Release|Any CPU
		{0AECFED8-25EE-4213-87E6-33EE04ED25E3}.Release|Any CPU.Build.0 = Release|Any CPU
		{0AECFED8-25EE-4213-87E6-33EE04ED25E3}.Release|x64.ActiveCfg = Release|Any CPU
		{0AECFED8-25EE-4213-87E6-33EE04ED25E3}.Release|x64.Build.0 = Release|Any CPU
		{0AECFED8-25EE-4213-87E6-33EE04ED25E3}.Release|x86.ActiveCfg = Release|Any CPU
		{0AECFED8-25EE-4213-87E6-33EE04ED25E3}.Release|x86.Build.0 = Release|Any CPU
		{FE1253CE-606F-4877-8E00-B6C0162E362F}.Debug|Any CPU.ActiveCfg = Debug|Any CPU
		{FE1253CE-606F-4877-8E00-B6C0162E362F}.Debug|Any CPU.Build.0 = Debug|Any CPU
		{FE1253CE-606F-4877-8E00-B6C0162E362F}.Debug|x64.ActiveCfg = Debug|Any CPU
		{FE1253CE-606F-4877-8E00-B6C0162E362F}.Debug|x64.Build.0 = Debug|Any CPU
		{FE1253CE-606F-4877-8E00-B6C0162E362F}.Debug|x86.ActiveCfg = Debug|Any CPU
		{FE1253CE-606F-4877-8E00-B6C0162E362F}.Debug|x86.Build.0 = Debug|Any CPU
		{FE1253CE-606F-4877-8E00-B6C0162E362F}.Release|Any CPU.ActiveCfg = Release|Any CPU
		{FE1253CE-606F-4877-8E00-B6C0162E362F}.Release|Any CPU.Build.0 = Release|Any CPU
		{FE1253CE-606F-4877-8E00-B6C0162E362F}.Release|x64.ActiveCfg = Release|Any CPU
		{FE1253CE-606F-4877-8E00-B6C0162E362F}.Release|x64.Build.0 = Release|Any CPU
		{FE1253CE-606F-4877-8E00-B6C0162E362F}.Release|x86.ActiveCfg = Release|Any CPU
		{FE1253CE-606F-4877-8E00-B6C0162E362F}.Release|x86.Build.0 = Release|Any CPU
	EndGlobalSection
	GlobalSection(SolutionProperties) = preSolution
		HideSolutionNode = FALSE
	EndGlobalSection
	GlobalSection(NestedProjects) = preSolution
		{6DECCE7F-8798-4CC3-BCD6-767A73F23668} = {FAF06306-81A8-424A-9500-FC431EC19ED3}
		{1E810D2E-17F4-4469-BB20-684737A89B8A} = {A818E2D8-9602-49FC-B4E3-EBDBB2F4350D}
		{0AECFED8-25EE-4213-87E6-33EE04ED25E3} = {A818E2D8-9602-49FC-B4E3-EBDBB2F4350D}
		{FE1253CE-606F-4877-8E00-B6C0162E362F} = {FAF06306-81A8-424A-9500-FC431EC19ED3}
	EndGlobalSection
	GlobalSection(ExtensibilityGlobals) = postSolution
		SolutionGuid = {6E05F4C8-85CC-42D2-BFCF-B6DF7E901AAB}
	EndGlobalSection
EndGlobal
