
Microsoft Visual Studio Solution File, Format Version 12.00
# Visual Studio Version 16
VisualStudioVersion = 16.0.30114.105
MinimumVisualStudioVersion = 10.0.40219.1
Project("{9A19103F-16F7-4668-BE54-9A1E7A4F7556}") = "Demo", "Demo\Demo.csproj", "{103492B5-3755-4856-887E-F475581DF260}"
EndProject
Project("{9A19103F-16F7-4668-BE54-9A1E7A4F7556}") = "Demo.TesteDeUnidade", "src\Demo.TesteDeUnidade.csproj", "{BE7D7314-A812-4919-A78F-6AF2E978955B}"
EndProject
Global
	GlobalSection(SolutionConfigurationPlatforms) = preSolution
		Debug|Any CPU = Debug|Any CPU
		Debug|x64 = Debug|x64
		Debug|x86 = Debug|x86
		Release|Any CPU = Release|Any CPU
		Release|x64 = Release|x64
		Release|x86 = Release|x86
	EndGlobalSection
	GlobalSection(ProjectConfigurationPlatforms) = postSolution
		{103492B5-3755-4856-887E-F475581DF260}.Debug|Any CPU.ActiveCfg = Debug|Any CPU
		{103492B5-3755-4856-887E-F475581DF260}.Debug|Any CPU.Build.0 = Debug|Any CPU
		{103492B5-3755-4856-887E-F475581DF260}.Debug|x64.ActiveCfg = Debug|Any CPU
		{103492B5-3755-4856-887E-F475581DF260}.Debug|x64.Build.0 = Debug|Any CPU
		{103492B5-3755-4856-887E-F475581DF260}.Debug|x86.ActiveCfg = Debug|Any CPU
		{103492B5-3755-4856-887E-F475581DF260}.Debug|x86.Build.0 = Debug|Any CPU
		{103492B5-3755-4856-887E-F475581DF260}.Release|Any CPU.ActiveCfg = Release|Any CPU
		{103492B5-3755-4856-887E-F475581DF260}.Release|Any CPU.Build.0 = Release|Any CPU
		{103492B5-3755-4856-887E-F475581DF260}.Release|x64.ActiveCfg = Release|Any CPU
		{103492B5-3755-4856-887E-F475581DF260}.Release|x64.Build.0 = Release|Any CPU
		{103492B5-3755-4856-887E-F475581DF260}.Release|x86.ActiveCfg = Release|Any CPU
		{103492B5-3755-4856-887E-F475581DF260}.Release|x86.Build.0 = Release|Any CPU
		{BE7D7314-A812-4919-A78F-6AF2E978955B}.Debug|Any CPU.ActiveCfg = Debug|Any CPU
		{BE7D7314-A812-4919-A78F-6AF2E978955B}.Debug|Any CPU.Build.0 = Debug|Any CPU
		{BE7D7314-A812-4919-A78F-6AF2E978955B}.Debug|x64.ActiveCfg = Debug|Any CPU
		{BE7D7314-A812-4919-A78F-6AF2E978955B}.Debug|x64.Build.0 = Debug|Any CPU
		{BE7D7314-A812-4919-A78F-6AF2E978955B}.Debug|x86.ActiveCfg = Debug|Any CPU
		{BE7D7314-A812-4919-A78F-6AF2E978955B}.Debug|x86.Build.0 = Debug|Any CPU
		{BE7D7314-A812-4919-A78F-6AF2E978955B}.Release|Any CPU.ActiveCfg = Release|Any CPU
		{BE7D7314-A812-4919-A78F-6AF2E978955B}.Release|Any CPU.Build.0 = Release|Any CPU
		{BE7D7314-A812-4919-A78F-6AF2E978955B}.Release|x64.ActiveCfg = Release|Any CPU
		{BE7D7314-A812-4919-A78F-6AF2E978955B}.Release|x64.Build.0 = Release|Any CPU
		{BE7D7314-A812-4919-A78F-6AF2E978955B}.Release|x86.ActiveCfg = Release|Any CPU
		{BE7D7314-A812-4919-A78F-6AF2E978955B}.Release|x86.Build.0 = Release|Any CPU
	EndGlobalSection
	GlobalSection(SolutionProperties) = preSolution
		HideSolutionNode = FALSE
	EndGlobalSection
	GlobalSection(ExtensibilityGlobals) = postSolution
		SolutionGuid = {27476814-5E77-460D-8AE3-74ED4B9BE10D}
	EndGlobalSection
EndGlobal
